
Microsoft Visual Studio Solution File, Format Version 12.00
# Visual Studio Version 17
VisualStudioVersion = 17.11.35303.130
MinimumVisualStudioVersion = 10.0.40219.1
Project("{FAE04EC0-301F-11D3-BF4B-00C04F79EFBC}") = "LeetCode", "LeetCode.csproj", "{C5934F0D-97E2-4D1F-B196-718AAB829560}"
EndProject
Global
	GlobalSection(SolutionConfigurationPlatforms) = preSolution
		Debug|Any CPU = Debug|Any CPU
		Release|Any CPU = Release|Any CPU
	EndGlobalSection
	GlobalSection(ProjectConfigurationPlatforms) = postSolution
		{C5934F0D-97E2-4D1F-B196-718AAB829560}.Debug|Any CPU.ActiveCfg = Debug|Any CPU
		{C5934F0D-97E2-4D1F-B196-718AAB829560}.Debug|Any CPU.Build.0 = Debug|Any CPU
		{C5934F0D-97E2-4D1F-B196-718AAB829560}.Release|Any CPU.ActiveCfg = Release|Any CPU
		{C5934F0D-97E2-4D1F-B196-718AAB829560}.Release|Any CPU.Build.0 = Release|Any CPU
	EndGlobalSection
	GlobalSection(SolutionProperties) = preSolution
		HideSolutionNode = FALSE
	EndGlobalSection
	GlobalSection(ExtensibilityGlobals) = postSolution
		SolutionGuid = {285D89A0-3DD0-4F7E-8943-F50FB6E5E725}
	EndGlobalSection
EndGlobal
